
Microsoft Visual Studio Solution File, Format Version 12.00
# Visual Studio Version 17
VisualStudioVersion = 17.3.32929.385
MinimumVisualStudioVersion = 10.0.40219.1
Project("{FAE04EC0-301F-11D3-BF4B-00C04F79EFBC}") = "16.02.24Tasks", "16.02.24Tasks.csproj", "{FB931090-8594-46AD-ABCC-803021F60134}"
EndProject
Global
	GlobalSection(SolutionConfigurationPlatforms) = preSolution
		Debug|Any CPU = Debug|Any CPU
		Release|Any CPU = Release|Any CPU
	EndGlobalSection
	GlobalSection(ProjectConfigurationPlatforms) = postSolution
		{FB931090-8594-46AD-ABCC-803021F60134}.Debug|Any CPU.ActiveCfg = Debug|Any CPU
		{FB931090-8594-46AD-ABCC-803021F60134}.Debug|Any CPU.Build.0 = Debug|Any CPU
		{FB931090-8594-46AD-ABCC-803021F60134}.Release|Any CPU.ActiveCfg = Release|Any CPU
		{FB931090-8594-46AD-ABCC-803021F60134}.Release|Any CPU.Build.0 = Release|Any CPU
	EndGlobalSection
	GlobalSection(SolutionProperties) = preSolution
		HideSolutionNode = FALSE
	EndGlobalSection
	GlobalSection(ExtensibilityGlobals) = postSolution
		SolutionGuid = {7C7A6508-ACA2-4D03-9490-5DAC3AD1EA2E}
	EndGlobalSection
EndGlobal
