
Microsoft Visual Studio Solution File, Format Version 12.00
# Visual Studio Version 17
VisualStudioVersion = 17.3.32929.385
MinimumVisualStudioVersion = 10.0.40219.1
Project("{FAE04EC0-301F-11D3-BF4B-00C04F79EFBC}") = "26.01.24", "26.01.24.csproj", "{4C0F0709-4E28-4DC8-B0B3-6E1CD3B63D6F}"
EndProject
Global
	GlobalSection(SolutionConfigurationPlatforms) = preSolution
		Debug|Any CPU = Debug|Any CPU
		Release|Any CPU = Release|Any CPU
	EndGlobalSection
	GlobalSection(ProjectConfigurationPlatforms) = postSolution
		{4C0F0709-4E28-4DC8-B0B3-6E1CD3B63D6F}.Debug|Any CPU.ActiveCfg = Debug|Any CPU
		{4C0F0709-4E28-4DC8-B0B3-6E1CD3B63D6F}.Debug|Any CPU.Build.0 = Debug|Any CPU
		{4C0F0709-4E28-4DC8-B0B3-6E1CD3B63D6F}.Release|Any CPU.ActiveCfg = Release|Any CPU
		{4C0F0709-4E28-4DC8-B0B3-6E1CD3B63D6F}.Release|Any CPU.Build.0 = Release|Any CPU
	EndGlobalSection
	GlobalSection(SolutionProperties) = preSolution
		HideSolutionNode = FALSE
	EndGlobalSection
	GlobalSection(ExtensibilityGlobals) = postSolution
		SolutionGuid = {F0CF56B4-2659-4CA0-8994-196E1CF13D9E}
	EndGlobalSection
EndGlobal
