
Microsoft Visual Studio Solution File, Format Version 12.00
# Visual Studio Version 16
VisualStudioVersion = 16.0.33920.266
MinimumVisualStudioVersion = 10.0.40219.1
Project("{FAE04EC0-301F-11D3-BF4B-00C04F79EFBC}") = "13.02.24", "13.02.24.csproj", "{04499436-09A7-4AD5-BE55-DA7568B3F0D4}"
EndProject
Global
	GlobalSection(SolutionConfigurationPlatforms) = preSolution
		Debug|Any CPU = Debug|Any CPU
		Release|Any CPU = Release|Any CPU
	EndGlobalSection
	GlobalSection(ProjectConfigurationPlatforms) = postSolution
		{04499436-09A7-4AD5-BE55-DA7568B3F0D4}.Debug|Any CPU.ActiveCfg = Debug|Any CPU
		{04499436-09A7-4AD5-BE55-DA7568B3F0D4}.Debug|Any CPU.Build.0 = Debug|Any CPU
		{04499436-09A7-4AD5-BE55-DA7568B3F0D4}.Release|Any CPU.ActiveCfg = Release|Any CPU
		{04499436-09A7-4AD5-BE55-DA7568B3F0D4}.Release|Any CPU.Build.0 = Release|Any CPU
	EndGlobalSection
	GlobalSection(SolutionProperties) = preSolution
		HideSolutionNode = FALSE
	EndGlobalSection
	GlobalSection(ExtensibilityGlobals) = postSolution
		SolutionGuid = {D50AE844-0206-442B-9D45-F4599939A916}
	EndGlobalSection
EndGlobal
